
Microsoft Visual Studio Solution File, Format Version 12.00
# Visual Studio Version 16
VisualStudioVersion = 16.0.30621.155
MinimumVisualStudioVersion = 10.0.40219.1
Project("{2150E333-8FDC-42A3-9474-1A3956D46DE8}") = "22. Entity Framework İle Çalışmak", "22. Entity Framework İle Çalışmak", "{7D6AF234-F77E-4F65-A3F2-6F2661C7A602}"
EndProject
Project("{FAE04EC0-301F-11D3-BF4B-00C04F79EFBC}") = "EntityFreamworkDemo", "EntityFreamworkDemo\EntityFreamworkDemo.csproj", "{C6F6450D-948B-4AFE-8C9C-CAE1922F1FF8}"
EndProject
Project("{2150E333-8FDC-42A3-9474-1A3956D46DE8}") = "30. Proje 2 Katmanlı Mimaride Profesyonel Proje Geliştirmek Giriş", "30. Proje 2 Katmanlı Mimaride Profesyonel Proje Geliştirmek Giriş", "{431425A7-4266-4E85-BC86-E2B317EC6E24}"
EndProject
Project("{FAE04EC0-301F-11D3-BF4B-00C04F79EFBC}") = "Northwind.Entities", "Northwind.Entities\Northwind.Entities.csproj", "{A0018A22-D29A-4B8B-AE2C-923851F93E43}"
EndProject
Project("{FAE04EC0-301F-11D3-BF4B-00C04F79EFBC}") = "Northwind.DataAccess", "Northwind.DataAccess\Northwind.DataAccess.csproj", "{EE03D271-080E-42A4-9BA0-D1BBD7A657C2}"
EndProject
Project("{FAE04EC0-301F-11D3-BF4B-00C04F79EFBC}") = "Northwind.Business", "Northwind.Business\Northwind.Business.csproj", "{C8DAC02A-5BEC-414F-BAE1-8A3ACEA3B080}"
EndProject
Project("{FAE04EC0-301F-11D3-BF4B-00C04F79EFBC}") = "Northwind.WebFormsUI", "Northwind.WebFormsUI\Northwind.WebFormsUI.csproj", "{AA0A5DC4-CE0F-47D5-B8DF-A8AA4C81AE3A}"
EndProject
Project("{2150E333-8FDC-42A3-9474-1A3956D46DE8}") = "36. Tasarım Kalıpları (Design Patterns)", "36. Tasarım Kalıpları (Design Patterns)", "{BD0E7A93-5A60-4942-A88C-BE2CCDC4A4BF}"
EndProject
Project("{FAE04EC0-301F-11D3-BF4B-00C04F79EFBC}") = "Singleton", "Singleton\Singleton.csproj", "{2EBC3DE9-7A70-4EA9-BBE9-194EB93A3C96}"
EndProject
Project("{FAE04EC0-301F-11D3-BF4B-00C04F79EFBC}") = "FactoryMethod", "FactoryMethod\FactoryMethod.csproj", "{B65F7BA5-AA4C-42F6-A698-EC24EDF25A35}"
EndProject
Project("{FAE04EC0-301F-11D3-BF4B-00C04F79EFBC}") = "AbstractFactory", "AbstractFactory\AbstractFactory.csproj", "{DF62FBF3-75EF-40D5-BB3D-538954BC4190}"
EndProject
Project("{FAE04EC0-301F-11D3-BF4B-00C04F79EFBC}") = "Prototype", "Prototype\Prototype.csproj", "{2C60D71D-C6F7-4584-A8FB-84AD200FAE2B}"
EndProject
Project("{2150E333-8FDC-42A3-9474-1A3956D46DE8}") = "37. Bonus-C-Sharp-İle-Test-Driven-Development", "37. Bonus-C-Sharp-İle-Test-Driven-Development", "{1DB77B6E-252A-4046-AA19-5FC8F86D99A5}"
EndProject
Project("{FAE04EC0-301F-11D3-BF4B-00C04F79EFBC}") = "UnitTestProject1", "UnitTestProject1\UnitTestProject1.csproj", "{0B35EE6F-6355-4170-82F5-FEB2A5011801}"
EndProject
Project("{FAE04EC0-301F-11D3-BF4B-00C04F79EFBC}") = "Builder", "Builder\Builder.csproj", "{9FA42678-D270-4A63-8736-DA90801D23BA}"
EndProject
Project("{FAE04EC0-301F-11D3-BF4B-00C04F79EFBC}") = "Facade", "Facade\Facade.csproj", "{C7163ECB-80BE-4FBE-8735-9B548316F1C8}"
EndProject
Project("{FAE04EC0-301F-11D3-BF4B-00C04F79EFBC}") = "Adapter", "Adapter\Adapter.csproj", "{401FFF0B-5AFF-4FE3-8257-24DD0E342E84}"
EndProject
Project("{FAE04EC0-301F-11D3-BF4B-00C04F79EFBC}") = "Composite", "Composite\Composite.csproj", "{F12CCDDC-CCA2-4FB6-B3E2-2BF4C61D98D6}"
EndProject
Project("{FAE04EC0-301F-11D3-BF4B-00C04F79EFBC}") = "Proxy", "Proxy\Proxy.csproj", "{C8953CA0-A76D-4E6F-9BEE-52AE21A22B29}"
EndProject
Project("{FAE04EC0-301F-11D3-BF4B-00C04F79EFBC}") = "Decorator", "Decorator\Decorator.csproj", "{AD6E98CC-0C52-4704-BBBD-1A617F73AA70}"
EndProject
Project("{FAE04EC0-301F-11D3-BF4B-00C04F79EFBC}") = "Bridge", "Bridge\Bridge.csproj", "{B36DD455-4F7E-47EF-93B8-C7D1909276D3}"
EndProject
Project("{FAE04EC0-301F-11D3-BF4B-00C04F79EFBC}") = "Strategy", "Strategy\Strategy.csproj", "{0011EFEE-938B-4D4B-8AED-9B4C8F2F46C3}"
EndProject
Project("{FAE04EC0-301F-11D3-BF4B-00C04F79EFBC}") = "Observer", "Observer\Observer.csproj", "{52CCE14D-7417-40B6-9463-1DA99EDE6686}"
EndProject
Project("{FAE04EC0-301F-11D3-BF4B-00C04F79EFBC}") = "ChainOfResponsibility", "ChainOfResponsibility\ChainOfResponsibility.csproj", "{DE6C94FF-139F-4E6C-9ACD-BF256DF371B3}"
EndProject
Project("{FAE04EC0-301F-11D3-BF4B-00C04F79EFBC}") = "Memento", "Memento\Memento.csproj", "{CA661EE9-14BA-47D4-A178-D6D4E12B62E0}"
EndProject
Project("{FAE04EC0-301F-11D3-BF4B-00C04F79EFBC}") = "TemplateMethod", "TemplateMethod\TemplateMethod.csproj", "{8DBF3AA9-8665-4E93-B889-B22C799C035C}"
EndProject
Project("{FAE04EC0-301F-11D3-BF4B-00C04F79EFBC}") = "State", "State\State.csproj", "{F6D37B67-BAE4-4D9A-944F-5D7E98AC0031}"
EndProject
Project("{FAE04EC0-301F-11D3-BF4B-00C04F79EFBC}") = "Mediator", "Mediator\Mediator.csproj", "{76CFC54C-4657-4A2F-9F98-1E7635646008}"
EndProject
Project("{FAE04EC0-301F-11D3-BF4B-00C04F79EFBC}") = "Command", "Command\Command.csproj", "{060056FD-E473-4EEA-B803-278673FDBC5D}"
EndProject
Project("{FAE04EC0-301F-11D3-BF4B-00C04F79EFBC}") = "Visitor", "Visitor\Visitor.csproj", "{30F7D2CB-B06E-48D3-9A3C-A8B7BACC2715}"
EndProject
Project("{FAE04EC0-301F-11D3-BF4B-00C04F79EFBC}") = "DependencyInjection", "DependencyInjection\DependencyInjection.csproj", "{35A7886B-6F84-48C0-ACFD-D8046B291861}"
EndProject
Project("{FAE04EC0-301F-11D3-BF4B-00C04F79EFBC}") = "NullObject", "NullObject\NullObject.csproj", "{0F76F67B-B632-4EE2-B0B2-F4ADA59522BD}"
EndProject
Project("{FAE04EC0-301F-11D3-BF4B-00C04F79EFBC}") = "Multiton", "Multiton\Multiton.csproj", "{B58C7B05-41B6-4C1F-B5AF-F0FD3E1EC444}"
EndProject
Global
	GlobalSection(SolutionConfigurationPlatforms) = preSolution
		Debug|Any CPU = Debug|Any CPU
		Release|Any CPU = Release|Any CPU
	EndGlobalSection
	GlobalSection(ProjectConfigurationPlatforms) = postSolution
		{C6F6450D-948B-4AFE-8C9C-CAE1922F1FF8}.Debug|Any CPU.ActiveCfg = Debug|Any CPU
		{C6F6450D-948B-4AFE-8C9C-CAE1922F1FF8}.Debug|Any CPU.Build.0 = Debug|Any CPU
		{C6F6450D-948B-4AFE-8C9C-CAE1922F1FF8}.Release|Any CPU.ActiveCfg = Release|Any CPU
		{C6F6450D-948B-4AFE-8C9C-CAE1922F1FF8}.Release|Any CPU.Build.0 = Release|Any CPU
		{A0018A22-D29A-4B8B-AE2C-923851F93E43}.Debug|Any CPU.ActiveCfg = Debug|Any CPU
		{A0018A22-D29A-4B8B-AE2C-923851F93E43}.Debug|Any CPU.Build.0 = Debug|Any CPU
		{A0018A22-D29A-4B8B-AE2C-923851F93E43}.Release|Any CPU.ActiveCfg = Release|Any CPU
		{A0018A22-D29A-4B8B-AE2C-923851F93E43}.Release|Any CPU.Build.0 = Release|Any CPU
		{EE03D271-080E-42A4-9BA0-D1BBD7A657C2}.Debug|Any CPU.ActiveCfg = Debug|Any CPU
		{EE03D271-080E-42A4-9BA0-D1BBD7A657C2}.Debug|Any CPU.Build.0 = Debug|Any CPU
		{EE03D271-080E-42A4-9BA0-D1BBD7A657C2}.Release|Any CPU.ActiveCfg = Release|Any CPU
		{EE03D271-080E-42A4-9BA0-D1BBD7A657C2}.Release|Any CPU.Build.0 = Release|Any CPU
		{C8DAC02A-5BEC-414F-BAE1-8A3ACEA3B080}.Debug|Any CPU.ActiveCfg = Debug|Any CPU
		{C8DAC02A-5BEC-414F-BAE1-8A3ACEA3B080}.Debug|Any CPU.Build.0 = Debug|Any CPU
		{C8DAC02A-5BEC-414F-BAE1-8A3ACEA3B080}.Release|Any CPU.ActiveCfg = Release|Any CPU
		{C8DAC02A-5BEC-414F-BAE1-8A3ACEA3B080}.Release|Any CPU.Build.0 = Release|Any CPU
		{AA0A5DC4-CE0F-47D5-B8DF-A8AA4C81AE3A}.Debug|Any CPU.ActiveCfg = Debug|Any CPU
		{AA0A5DC4-CE0F-47D5-B8DF-A8AA4C81AE3A}.Debug|Any CPU.Build.0 = Debug|Any CPU
		{AA0A5DC4-CE0F-47D5-B8DF-A8AA4C81AE3A}.Release|Any CPU.ActiveCfg = Release|Any CPU
		{AA0A5DC4-CE0F-47D5-B8DF-A8AA4C81AE3A}.Release|Any CPU.Build.0 = Release|Any CPU
		{2EBC3DE9-7A70-4EA9-BBE9-194EB93A3C96}.Debug|Any CPU.ActiveCfg = Debug|Any CPU
		{2EBC3DE9-7A70-4EA9-BBE9-194EB93A3C96}.Debug|Any CPU.Build.0 = Debug|Any CPU
		{2EBC3DE9-7A70-4EA9-BBE9-194EB93A3C96}.Release|Any CPU.ActiveCfg = Release|Any CPU
		{2EBC3DE9-7A70-4EA9-BBE9-194EB93A3C96}.Release|Any CPU.Build.0 = Release|Any CPU
		{B65F7BA5-AA4C-42F6-A698-EC24EDF25A35}.Debug|Any CPU.ActiveCfg = Debug|Any CPU
		{B65F7BA5-AA4C-42F6-A698-EC24EDF25A35}.Debug|Any CPU.Build.0 = Debug|Any CPU
		{B65F7BA5-AA4C-42F6-A698-EC24EDF25A35}.Release|Any CPU.ActiveCfg = Release|Any CPU
		{B65F7BA5-AA4C-42F6-A698-EC24EDF25A35}.Release|Any CPU.Build.0 = Release|Any CPU
		{DF62FBF3-75EF-40D5-BB3D-538954BC4190}.Debug|Any CPU.ActiveCfg = Debug|Any CPU
		{DF62FBF3-75EF-40D5-BB3D-538954BC4190}.Debug|Any CPU.Build.0 = Debug|Any CPU
		{DF62FBF3-75EF-40D5-BB3D-538954BC4190}.Release|Any CPU.ActiveCfg = Release|Any CPU
		{DF62FBF3-75EF-40D5-BB3D-538954BC4190}.Release|Any CPU.Build.0 = Release|Any CPU
		{2C60D71D-C6F7-4584-A8FB-84AD200FAE2B}.Debug|Any CPU.ActiveCfg = Debug|Any CPU
		{2C60D71D-C6F7-4584-A8FB-84AD200FAE2B}.Debug|Any CPU.Build.0 = Debug|Any CPU
		{2C60D71D-C6F7-4584-A8FB-84AD200FAE2B}.Release|Any CPU.ActiveCfg = Release|Any CPU
		{2C60D71D-C6F7-4584-A8FB-84AD200FAE2B}.Release|Any CPU.Build.0 = Release|Any CPU
		{0B35EE6F-6355-4170-82F5-FEB2A5011801}.Debug|Any CPU.ActiveCfg = Debug|Any CPU
		{0B35EE6F-6355-4170-82F5-FEB2A5011801}.Debug|Any CPU.Build.0 = Debug|Any CPU
		{0B35EE6F-6355-4170-82F5-FEB2A5011801}.Release|Any CPU.ActiveCfg = Release|Any CPU
		{0B35EE6F-6355-4170-82F5-FEB2A5011801}.Release|Any CPU.Build.0 = Release|Any CPU
		{9FA42678-D270-4A63-8736-DA90801D23BA}.Debug|Any CPU.ActiveCfg = Debug|Any CPU
		{9FA42678-D270-4A63-8736-DA90801D23BA}.Debug|Any CPU.Build.0 = Debug|Any CPU
		{9FA42678-D270-4A63-8736-DA90801D23BA}.Release|Any CPU.ActiveCfg = Release|Any CPU
		{9FA42678-D270-4A63-8736-DA90801D23BA}.Release|Any CPU.Build.0 = Release|Any CPU
		{C7163ECB-80BE-4FBE-8735-9B548316F1C8}.Debug|Any CPU.ActiveCfg = Debug|Any CPU
		{C7163ECB-80BE-4FBE-8735-9B548316F1C8}.Debug|Any CPU.Build.0 = Debug|Any CPU
		{C7163ECB-80BE-4FBE-8735-9B548316F1C8}.Release|Any CPU.ActiveCfg = Release|Any CPU
		{C7163ECB-80BE-4FBE-8735-9B548316F1C8}.Release|Any CPU.Build.0 = Release|Any CPU
		{401FFF0B-5AFF-4FE3-8257-24DD0E342E84}.Debug|Any CPU.ActiveCfg = Debug|Any CPU
		{401FFF0B-5AFF-4FE3-8257-24DD0E342E84}.Debug|Any CPU.Build.0 = Debug|Any CPU
		{401FFF0B-5AFF-4FE3-8257-24DD0E342E84}.Release|Any CPU.ActiveCfg = Release|Any CPU
		{401FFF0B-5AFF-4FE3-8257-24DD0E342E84}.Release|Any CPU.Build.0 = Release|Any CPU
		{F12CCDDC-CCA2-4FB6-B3E2-2BF4C61D98D6}.Debug|Any CPU.ActiveCfg = Debug|Any CPU
		{F12CCDDC-CCA2-4FB6-B3E2-2BF4C61D98D6}.Debug|Any CPU.Build.0 = Debug|Any CPU
		{F12CCDDC-CCA2-4FB6-B3E2-2BF4C61D98D6}.Release|Any CPU.ActiveCfg = Release|Any CPU
		{F12CCDDC-CCA2-4FB6-B3E2-2BF4C61D98D6}.Release|Any CPU.Build.0 = Release|Any CPU
		{C8953CA0-A76D-4E6F-9BEE-52AE21A22B29}.Debug|Any CPU.ActiveCfg = Debug|Any CPU
		{C8953CA0-A76D-4E6F-9BEE-52AE21A22B29}.Debug|Any CPU.Build.0 = Debug|Any CPU
		{C8953CA0-A76D-4E6F-9BEE-52AE21A22B29}.Release|Any CPU.ActiveCfg = Release|Any CPU
		{C8953CA0-A76D-4E6F-9BEE-52AE21A22B29}.Release|Any CPU.Build.0 = Release|Any CPU
		{AD6E98CC-0C52-4704-BBBD-1A617F73AA70}.Debug|Any CPU.ActiveCfg = Debug|Any CPU
		{AD6E98CC-0C52-4704-BBBD-1A617F73AA70}.Debug|Any CPU.Build.0 = Debug|Any CPU
		{AD6E98CC-0C52-4704-BBBD-1A617F73AA70}.Release|Any CPU.ActiveCfg = Release|Any CPU
		{AD6E98CC-0C52-4704-BBBD-1A617F73AA70}.Release|Any CPU.Build.0 = Release|Any CPU
		{B36DD455-4F7E-47EF-93B8-C7D1909276D3}.Debug|Any CPU.ActiveCfg = Debug|Any CPU
		{B36DD455-4F7E-47EF-93B8-C7D1909276D3}.Debug|Any CPU.Build.0 = Debug|Any CPU
		{B36DD455-4F7E-47EF-93B8-C7D1909276D3}.Release|Any CPU.ActiveCfg = Release|Any CPU
		{B36DD455-4F7E-47EF-93B8-C7D1909276D3}.Release|Any CPU.Build.0 = Release|Any CPU
		{0011EFEE-938B-4D4B-8AED-9B4C8F2F46C3}.Debug|Any CPU.ActiveCfg = Debug|Any CPU
		{0011EFEE-938B-4D4B-8AED-9B4C8F2F46C3}.Debug|Any CPU.Build.0 = Debug|Any CPU
		{0011EFEE-938B-4D4B-8AED-9B4C8F2F46C3}.Release|Any CPU.ActiveCfg = Release|Any CPU
		{0011EFEE-938B-4D4B-8AED-9B4C8F2F46C3}.Release|Any CPU.Build.0 = Release|Any CPU
		{52CCE14D-7417-40B6-9463-1DA99EDE6686}.Debug|Any CPU.ActiveCfg = Debug|Any CPU
		{52CCE14D-7417-40B6-9463-1DA99EDE6686}.Debug|Any CPU.Build.0 = Debug|Any CPU
		{52CCE14D-7417-40B6-9463-1DA99EDE6686}.Release|Any CPU.ActiveCfg = Release|Any CPU
		{52CCE14D-7417-40B6-9463-1DA99EDE6686}.Release|Any CPU.Build.0 = Release|Any CPU
		{DE6C94FF-139F-4E6C-9ACD-BF256DF371B3}.Debug|Any CPU.ActiveCfg = Debug|Any CPU
		{DE6C94FF-139F-4E6C-9ACD-BF256DF371B3}.Debug|Any CPU.Build.0 = Debug|Any CPU
		{DE6C94FF-139F-4E6C-9ACD-BF256DF371B3}.Release|Any CPU.ActiveCfg = Release|Any CPU
		{DE6C94FF-139F-4E6C-9ACD-BF256DF371B3}.Release|Any CPU.Build.0 = Release|Any CPU
		{CA661EE9-14BA-47D4-A178-D6D4E12B62E0}.Debug|Any CPU.ActiveCfg = Debug|Any CPU
		{CA661EE9-14BA-47D4-A178-D6D4E12B62E0}.Debug|Any CPU.Build.0 = Debug|Any CPU
		{CA661EE9-14BA-47D4-A178-D6D4E12B62E0}.Release|Any CPU.ActiveCfg = Release|Any CPU
		{CA661EE9-14BA-47D4-A178-D6D4E12B62E0}.Release|Any CPU.Build.0 = Release|Any CPU
		{8DBF3AA9-8665-4E93-B889-B22C799C035C}.Debug|Any CPU.ActiveCfg = Debug|Any CPU
		{8DBF3AA9-8665-4E93-B889-B22C799C035C}.Debug|Any CPU.Build.0 = Debug|Any CPU
		{8DBF3AA9-8665-4E93-B889-B22C799C035C}.Release|Any CPU.ActiveCfg = Release|Any CPU
		{8DBF3AA9-8665-4E93-B889-B22C799C035C}.Release|Any CPU.Build.0 = Release|Any CPU
		{F6D37B67-BAE4-4D9A-944F-5D7E98AC0031}.Debug|Any CPU.ActiveCfg = Debug|Any CPU
		{F6D37B67-BAE4-4D9A-944F-5D7E98AC0031}.Debug|Any CPU.Build.0 = Debug|Any CPU
		{F6D37B67-BAE4-4D9A-944F-5D7E98AC0031}.Release|Any CPU.ActiveCfg = Release|Any CPU
		{F6D37B67-BAE4-4D9A-944F-5D7E98AC0031}.Release|Any CPU.Build.0 = Release|Any CPU
		{76CFC54C-4657-4A2F-9F98-1E7635646008}.Debug|Any CPU.ActiveCfg = Debug|Any CPU
		{76CFC54C-4657-4A2F-9F98-1E7635646008}.Debug|Any CPU.Build.0 = Debug|Any CPU
		{76CFC54C-4657-4A2F-9F98-1E7635646008}.Release|Any CPU.ActiveCfg = Release|Any CPU
		{76CFC54C-4657-4A2F-9F98-1E7635646008}.Release|Any CPU.Build.0 = Release|Any CPU
		{060056FD-E473-4EEA-B803-278673FDBC5D}.Debug|Any CPU.ActiveCfg = Debug|Any CPU
		{060056FD-E473-4EEA-B803-278673FDBC5D}.Debug|Any CPU.Build.0 = Debug|Any CPU
		{060056FD-E473-4EEA-B803-278673FDBC5D}.Release|Any CPU.ActiveCfg = Release|Any CPU
		{060056FD-E473-4EEA-B803-278673FDBC5D}.Release|Any CPU.Build.0 = Release|Any CPU
		{30F7D2CB-B06E-48D3-9A3C-A8B7BACC2715}.Debug|Any CPU.ActiveCfg = Debug|Any CPU
		{30F7D2CB-B06E-48D3-9A3C-A8B7BACC2715}.Debug|Any CPU.Build.0 = Debug|Any CPU
		{30F7D2CB-B06E-48D3-9A3C-A8B7BACC2715}.Release|Any CPU.ActiveCfg = Release|Any CPU
		{30F7D2CB-B06E-48D3-9A3C-A8B7BACC2715}.Release|Any CPU.Build.0 = Release|Any CPU
		{35A7886B-6F84-48C0-ACFD-D8046B291861}.Debug|Any CPU.ActiveCfg = Debug|Any CPU
		{35A7886B-6F84-48C0-ACFD-D8046B291861}.Debug|Any CPU.Build.0 = Debug|Any CPU
		{35A7886B-6F84-48C0-ACFD-D8046B291861}.Release|Any CPU.ActiveCfg = Release|Any CPU
		{35A7886B-6F84-48C0-ACFD-D8046B291861}.Release|Any CPU.Build.0 = Release|Any CPU
		{0F76F67B-B632-4EE2-B0B2-F4ADA59522BD}.Debug|Any CPU.ActiveCfg = Debug|Any CPU
		{0F76F67B-B632-4EE2-B0B2-F4ADA59522BD}.Debug|Any CPU.Build.0 = Debug|Any CPU
		{0F76F67B-B632-4EE2-B0B2-F4ADA59522BD}.Release|Any CPU.ActiveCfg = Release|Any CPU
		{0F76F67B-B632-4EE2-B0B2-F4ADA59522BD}.Release|Any CPU.Build.0 = Release|Any CPU
		{B58C7B05-41B6-4C1F-B5AF-F0FD3E1EC444}.Debug|Any CPU.ActiveCfg = Debug|Any CPU
		{B58C7B05-41B6-4C1F-B5AF-F0FD3E1EC444}.Debug|Any CPU.Build.0 = Debug|Any CPU
		{B58C7B05-41B6-4C1F-B5AF-F0FD3E1EC444}.Release|Any CPU.ActiveCfg = Release|Any CPU
		{B58C7B05-41B6-4C1F-B5AF-F0FD3E1EC444}.Release|Any CPU.Build.0 = Release|Any CPU
	EndGlobalSection
	GlobalSection(SolutionProperties) = preSolution
		HideSolutionNode = FALSE
	EndGlobalSection
	GlobalSection(NestedProjects) = preSolution
		{C6F6450D-948B-4AFE-8C9C-CAE1922F1FF8} = {7D6AF234-F77E-4F65-A3F2-6F2661C7A602}
		{A0018A22-D29A-4B8B-AE2C-923851F93E43} = {431425A7-4266-4E85-BC86-E2B317EC6E24}
		{EE03D271-080E-42A4-9BA0-D1BBD7A657C2} = {431425A7-4266-4E85-BC86-E2B317EC6E24}
		{C8DAC02A-5BEC-414F-BAE1-8A3ACEA3B080} = {431425A7-4266-4E85-BC86-E2B317EC6E24}
		{AA0A5DC4-CE0F-47D5-B8DF-A8AA4C81AE3A} = {431425A7-4266-4E85-BC86-E2B317EC6E24}
		{2EBC3DE9-7A70-4EA9-BBE9-194EB93A3C96} = {BD0E7A93-5A60-4942-A88C-BE2CCDC4A4BF}
		{B65F7BA5-AA4C-42F6-A698-EC24EDF25A35} = {BD0E7A93-5A60-4942-A88C-BE2CCDC4A4BF}
		{DF62FBF3-75EF-40D5-BB3D-538954BC4190} = {BD0E7A93-5A60-4942-A88C-BE2CCDC4A4BF}
		{2C60D71D-C6F7-4584-A8FB-84AD200FAE2B} = {BD0E7A93-5A60-4942-A88C-BE2CCDC4A4BF}
		{0B35EE6F-6355-4170-82F5-FEB2A5011801} = {1DB77B6E-252A-4046-AA19-5FC8F86D99A5}
		{9FA42678-D270-4A63-8736-DA90801D23BA} = {BD0E7A93-5A60-4942-A88C-BE2CCDC4A4BF}
		{C7163ECB-80BE-4FBE-8735-9B548316F1C8} = {BD0E7A93-5A60-4942-A88C-BE2CCDC4A4BF}
		{401FFF0B-5AFF-4FE3-8257-24DD0E342E84} = {BD0E7A93-5A60-4942-A88C-BE2CCDC4A4BF}
		{F12CCDDC-CCA2-4FB6-B3E2-2BF4C61D98D6} = {BD0E7A93-5A60-4942-A88C-BE2CCDC4A4BF}
		{C8953CA0-A76D-4E6F-9BEE-52AE21A22B29} = {BD0E7A93-5A60-4942-A88C-BE2CCDC4A4BF}
		{AD6E98CC-0C52-4704-BBBD-1A617F73AA70} = {BD0E7A93-5A60-4942-A88C-BE2CCDC4A4BF}
		{B36DD455-4F7E-47EF-93B8-C7D1909276D3} = {BD0E7A93-5A60-4942-A88C-BE2CCDC4A4BF}
		{0011EFEE-938B-4D4B-8AED-9B4C8F2F46C3} = {BD0E7A93-5A60-4942-A88C-BE2CCDC4A4BF}
		{52CCE14D-7417-40B6-9463-1DA99EDE6686} = {BD0E7A93-5A60-4942-A88C-BE2CCDC4A4BF}
		{DE6C94FF-139F-4E6C-9ACD-BF256DF371B3} = {BD0E7A93-5A60-4942-A88C-BE2CCDC4A4BF}
		{CA661EE9-14BA-47D4-A178-D6D4E12B62E0} = {BD0E7A93-5A60-4942-A88C-BE2CCDC4A4BF}
		{8DBF3AA9-8665-4E93-B889-B22C799C035C} = {BD0E7A93-5A60-4942-A88C-BE2CCDC4A4BF}
		{F6D37B67-BAE4-4D9A-944F-5D7E98AC0031} = {BD0E7A93-5A60-4942-A88C-BE2CCDC4A4BF}
		{76CFC54C-4657-4A2F-9F98-1E7635646008} = {BD0E7A93-5A60-4942-A88C-BE2CCDC4A4BF}
		{060056FD-E473-4EEA-B803-278673FDBC5D} = {BD0E7A93-5A60-4942-A88C-BE2CCDC4A4BF}
		{30F7D2CB-B06E-48D3-9A3C-A8B7BACC2715} = {BD0E7A93-5A60-4942-A88C-BE2CCDC4A4BF}
		{35A7886B-6F84-48C0-ACFD-D8046B291861} = {BD0E7A93-5A60-4942-A88C-BE2CCDC4A4BF}
		{0F76F67B-B632-4EE2-B0B2-F4ADA59522BD} = {BD0E7A93-5A60-4942-A88C-BE2CCDC4A4BF}
		{B58C7B05-41B6-4C1F-B5AF-F0FD3E1EC444} = {BD0E7A93-5A60-4942-A88C-BE2CCDC4A4BF}
	EndGlobalSection
	GlobalSection(ExtensibilityGlobals) = postSolution
		SolutionGuid = {F26CE4C6-B59A-49A8-8D2B-DD4CD40FDF31}
	EndGlobalSection
EndGlobal
